// !$*UTF8*$!
{
	archiveVersion = 1;
	classes = {
	};
	objectVersion = 55;
	objects = {

/* Begin PBXBuildFile section */
		72DC68F20DDD6AB2667F9C73 /* Pods_AppConnect.framework in Frameworks */ = {isa = PBXBuildFile; fileRef = F6A5B9EDAF6F460C61A9117C /* Pods_AppConnect.framework */; };
		A50D1C3F27318B4E003E480E /* BotaoPadrao.swift in Sources */ = {isa = PBXBuildFile; fileRef = A50D1C3E27318B4E003E480E /* BotaoPadrao.swift */; };
		A50D1C4127318CAA003E480E /* TextFieldPadrao.swift in Sources */ = {isa = PBXBuildFile; fileRef = A50D1C4027318CAA003E480E /* TextFieldPadrao.swift */; };
		A50D1C4327318E90003E480E /* TextFieldSeguro.swift in Sources */ = {isa = PBXBuildFile; fileRef = A50D1C4227318E90003E480E /* TextFieldSeguro.swift */; };
		A50D1C4527318EF6003E480E /* LoginView.swift in Sources */ = {isa = PBXBuildFile; fileRef = A50D1C4427318EF6003E480E /* LoginView.swift */; };
		A50D1C472731968F003E480E /* RoundCornerExtension.swift in Sources */ = {isa = PBXBuildFile; fileRef = A50D1C462731968F003E480E /* RoundCornerExtension.swift */; };
		A50D1C49273198B4003E480E /* ColorExtension.swift in Sources */ = {isa = PBXBuildFile; fileRef = A50D1C48273198B4003E480E /* ColorExtension.swift */; };
		A50D1C4C27319D41003E480E /* MascaraTextFieldEnum.swift in Sources */ = {isa = PBXBuildFile; fileRef = A50D1C4B27319D41003E480E /* MascaraTextFieldEnum.swift */; };
		A50D1C502731A22D003E480E /* TextContentToKeyboardType.swift in Sources */ = {isa = PBXBuildFile; fileRef = A50D1C4F2731A22D003E480E /* TextContentToKeyboardType.swift */; };
		A50D1C542731A7CE003E480E /* UIKeyboardTypeExtension.swift in Sources */ = {isa = PBXBuildFile; fileRef = A50D1C532731A7CE003E480E /* UIKeyboardTypeExtension.swift */; };
		A51E1011272ECE5E00FFC951 /* AppConnectApp.swift in Sources */ = {isa = PBXBuildFile; fileRef = A51E1010272ECE5E00FFC951 /* AppConnectApp.swift */; };
		A51E1015272ECE6000FFC951 /* Assets.xcassets in Resources */ = {isa = PBXBuildFile; fileRef = A51E1014272ECE6000FFC951 /* Assets.xcassets */; };
		A51E1018272ECE6000FFC951 /* Preview Assets.xcassets in Resources */ = {isa = PBXBuildFile; fileRef = A51E1017272ECE6000FFC951 /* Preview Assets.xcassets */; };
		A51E102E272ED05D00FFC951 /* HomeView.swift in Sources */ = {isa = PBXBuildFile; fileRef = A51E102D272ED05D00FFC951 /* HomeView.swift */; };
		A51E1030272ED06700FFC951 /* IndicacaoView.swift in Sources */ = {isa = PBXBuildFile; fileRef = A51E102F272ED06700FFC951 /* IndicacaoView.swift */; };
		A51E1032272ED08100FFC951 /* HomeViewModel.swift in Sources */ = {isa = PBXBuildFile; fileRef = A51E1031272ED08100FFC951 /* HomeViewModel.swift */; };
		A51E1034272ED08800FFC951 /* IndicacaoViewModel.swift in Sources */ = {isa = PBXBuildFile; fileRef = A51E1033272ED08800FFC951 /* IndicacaoViewModel.swift */; };
		A51E1036272ED09000FFC951 /* LoginViewModel.swift in Sources */ = {isa = PBXBuildFile; fileRef = A51E1035272ED09000FFC951 /* LoginViewModel.swift */; };
		A51E1038272ED09C00FFC951 /* AssociadoModel.swift in Sources */ = {isa = PBXBuildFile; fileRef = A51E1037272ED09C00FFC951 /* AssociadoModel.swift */; };
		A51E103A272ED0B300FFC951 /* OficinaModel.swift in Sources */ = {isa = PBXBuildFile; fileRef = A51E1039272ED0B300FFC951 /* OficinaModel.swift */; };
		A51E103C272ED0C100FFC951 /* IndicacaoModel.swift in Sources */ = {isa = PBXBuildFile; fileRef = A51E103B272ED0C100FFC951 /* IndicacaoModel.swift */; };
		A51E1040272ED16300FFC951 /* AppConnectData.xcdatamodeld in Sources */ = {isa = PBXBuildFile; fileRef = A51E103E272ED16300FFC951 /* AppConnectData.xcdatamodeld */; };
		A51E1042272ED69300FFC951 /* AssociadoService.swift in Sources */ = {isa = PBXBuildFile; fileRef = A51E1041272ED69300FFC951 /* AssociadoService.swift */; };
		A51E1044272ED6B000FFC951 /* OficinaService.swift in Sources */ = {isa = PBXBuildFile; fileRef = A51E1043272ED6B000FFC951 /* OficinaService.swift */; };
		A51E1046272ED6D500FFC951 /* IndicacaoService.swift in Sources */ = {isa = PBXBuildFile; fileRef = A51E1045272ED6D500FFC951 /* IndicacaoService.swift */; };
		A51E1048272ED6F500FFC951 /* MainView.swift in Sources */ = {isa = PBXBuildFile; fileRef = A51E1047272ED6F500FFC951 /* MainView.swift */; };
		A51E104B272ED8BA00FFC951 /* UsuarioStateObject.swift in Sources */ = {isa = PBXBuildFile; fileRef = A51E104A272ED8BA00FFC951 /* UsuarioStateObject.swift */; };
		A51E104D272ED9D300FFC951 /* AlertaStateObject.swift in Sources */ = {isa = PBXBuildFile; fileRef = A51E104C272ED9D300FFC951 /* AlertaStateObject.swift */; };
		A5B85F162731CEDF00404873 /* MapaView.swift in Sources */ = {isa = PBXBuildFile; fileRef = A5B85F152731CEDF00404873 /* MapaView.swift */; };
		A5B85F192731F64B00404873 /* Launch Screen.storyboard in Resources */ = {isa = PBXBuildFile; fileRef = A5B85F182731F64B00404873 /* Launch Screen.storyboard */; };
		A5C5911A272EDC2200FEB602 /* OficinasViewModel.swift in Sources */ = {isa = PBXBuildFile; fileRef = A5C59119272EDC2200FEB602 /* OficinasViewModel.swift */; };
		A5C5911C272EDE9300FEB602 /* MainViewModel.swift in Sources */ = {isa = PBXBuildFile; fileRef = A5C5911B272EDE9300FEB602 /* MainViewModel.swift */; };
		A5C59121272EE9B800FEB602 /* Constantes.swift in Sources */ = {isa = PBXBuildFile; fileRef = A5C59120272EE9B800FEB602 /* Constantes.swift */; };
		A5C59125272EF9F600FEB602 /* RetornoApiAssociadoModel.swift in Sources */ = {isa = PBXBuildFile; fileRef = A5C59124272EF9F600FEB602 /* RetornoApiAssociadoModel.swift */; };
		A5C59127272EFA1400FEB602 /* RetornoIndicacaoModel.swift in Sources */ = {isa = PBXBuildFile; fileRef = A5C59126272EFA1400FEB602 /* RetornoIndicacaoModel.swift */; };
		A5C5912A272F023B00FEB602 /* CoreDataService.swift in Sources */ = {isa = PBXBuildFile; fileRef = A5C59129272F023B00FEB602 /* CoreDataService.swift */; };
		A5C5912D272F17DB00FEB602 /* UIApplicationExtension.swift in Sources */ = {isa = PBXBuildFile; fileRef = A5C5912C272F17DB00FEB602 /* UIApplicationExtension.swift */; };
		A5C5912F272F248200FEB602 /* ImageExtension.swift in Sources */ = {isa = PBXBuildFile; fileRef = A5C5912E272F248200FEB602 /* ImageExtension.swift */; };
		A5C59134272F314100FEB602 /* InputLabelView.swift in Sources */ = {isa = PBXBuildFile; fileRef = A5C59133272F314100FEB602 /* InputLabelView.swift */; };
		A5C59137272F3B0B00FEB602 /* GetData.swift in Sources */ = {isa = PBXBuildFile; fileRef = A5C59136272F3B0B00FEB602 /* GetData.swift */; };
		A5C59139272F499C00FEB602 /* OficinaDetalheView.swift in Sources */ = {isa = PBXBuildFile; fileRef = A5C59138272F499C00FEB602 /* OficinaDetalheView.swift */; };
		A5CF5C022731B3AA006673A5 /* ViewExtension.swift in Sources */ = {isa = PBXBuildFile; fileRef = A5CF5C012731B3AA006673A5 /* ViewExtension.swift */; };
		A5CF5C042731B481006673A5 /* OficinaItemView.swift in Sources */ = {isa = PBXBuildFile; fileRef = A5CF5C032731B481006673A5 /* OficinaItemView.swift */; };
		A5CF5C062731BEB1006673A5 /* OficinasView.swift in Sources */ = {isa = PBXBuildFile; fileRef = A5CF5C052731BEB1006673A5 /* OficinasView.swift */; };
/* End PBXBuildFile section */

/* Begin PBXFileReference section */
		39E88926D699B3E5A60F8A47 /* Pods-AppConnect.debug.xcconfig */ = {isa = PBXFileReference; includeInIndex = 1; lastKnownFileType = text.xcconfig; name = "Pods-AppConnect.debug.xcconfig"; path = "Target Support Files/Pods-AppConnect/Pods-AppConnect.debug.xcconfig"; sourceTree = "<group>"; };
		A50D1C3E27318B4E003E480E /* BotaoPadrao.swift */ = {isa = PBXFileReference; lastKnownFileType = sourcecode.swift; path = BotaoPadrao.swift; sourceTree = "<group>"; };
		A50D1C4027318CAA003E480E /* TextFieldPadrao.swift */ = {isa = PBXFileReference; lastKnownFileType = sourcecode.swift; path = TextFieldPadrao.swift; sourceTree = "<group>"; };
		A50D1C4227318E90003E480E /* TextFieldSeguro.swift */ = {isa = PBXFileReference; lastKnownFileType = sourcecode.swift; path = TextFieldSeguro.swift; sourceTree = "<group>"; };
		A50D1C4427318EF6003E480E /* LoginView.swift */ = {isa = PBXFileReference; lastKnownFileType = sourcecode.swift; path = LoginView.swift; sourceTree = "<group>"; };
		A50D1C462731968F003E480E /* RoundCornerExtension.swift */ = {isa = PBXFileReference; lastKnownFileType = sourcecode.swift; path = RoundCornerExtension.swift; sourceTree = "<group>"; };
		A50D1C48273198B4003E480E /* ColorExtension.swift */ = {isa = PBXFileReference; lastKnownFileType = sourcecode.swift; path = ColorExtension.swift; sourceTree = "<group>"; };
		A50D1C4B27319D41003E480E /* MascaraTextFieldEnum.swift */ = {isa = PBXFileReference; lastKnownFileType = sourcecode.swift; path = MascaraTextFieldEnum.swift; sourceTree = "<group>"; };
		A50D1C4F2731A22D003E480E /* TextContentToKeyboardType.swift */ = {isa = PBXFileReference; lastKnownFileType = sourcecode.swift; path = TextContentToKeyboardType.swift; sourceTree = "<group>"; };
		A50D1C532731A7CE003E480E /* UIKeyboardTypeExtension.swift */ = {isa = PBXFileReference; lastKnownFileType = sourcecode.swift; path = UIKeyboardTypeExtension.swift; sourceTree = "<group>"; };
		A51E100D272ECE5E00FFC951 /* AppConnect.app */ = {isa = PBXFileReference; explicitFileType = wrapper.application; includeInIndex = 0; path = AppConnect.app; sourceTree = BUILT_PRODUCTS_DIR; };
		A51E1010272ECE5E00FFC951 /* AppConnectApp.swift */ = {isa = PBXFileReference; lastKnownFileType = sourcecode.swift; path = AppConnectApp.swift; sourceTree = "<group>"; };
		A51E1014272ECE6000FFC951 /* Assets.xcassets */ = {isa = PBXFileReference; lastKnownFileType = folder.assetcatalog; path = Assets.xcassets; sourceTree = "<group>"; };
		A51E1017272ECE6000FFC951 /* Preview Assets.xcassets */ = {isa = PBXFileReference; lastKnownFileType = folder.assetcatalog; path = "Preview Assets.xcassets"; sourceTree = "<group>"; };
		A51E102D272ED05D00FFC951 /* HomeView.swift */ = {isa = PBXFileReference; lastKnownFileType = sourcecode.swift; path = HomeView.swift; sourceTree = "<group>"; };
		A51E102F272ED06700FFC951 /* IndicacaoView.swift */ = {isa = PBXFileReference; lastKnownFileType = sourcecode.swift; path = IndicacaoView.swift; sourceTree = "<group>"; };
		A51E1031272ED08100FFC951 /* HomeViewModel.swift */ = {isa = PBXFileReference; lastKnownFileType = sourcecode.swift; path = HomeViewModel.swift; sourceTree = "<group>"; };
		A51E1033272ED08800FFC951 /* IndicacaoViewModel.swift */ = {isa = PBXFileReference; lastKnownFileType = sourcecode.swift; path = IndicacaoViewModel.swift; sourceTree = "<group>"; };
		A51E1035272ED09000FFC951 /* LoginViewModel.swift */ = {isa = PBXFileReference; lastKnownFileType = sourcecode.swift; path = LoginViewModel.swift; sourceTree = "<group>"; };
		A51E1037272ED09C00FFC951 /* AssociadoModel.swift */ = {isa = PBXFileReference; lastKnownFileType = sourcecode.swift; path = AssociadoModel.swift; sourceTree = "<group>"; };
		A51E1039272ED0B300FFC951 /* OficinaModel.swift */ = {isa = PBXFileReference; lastKnownFileType = sourcecode.swift; path = OficinaModel.swift; sourceTree = "<group>"; };
		A51E103B272ED0C100FFC951 /* IndicacaoModel.swift */ = {isa = PBXFileReference; lastKnownFileType = sourcecode.swift; path = IndicacaoModel.swift; sourceTree = "<group>"; };
		A51E103F272ED16300FFC951 /* AppConnectData.xcdatamodel */ = {isa = PBXFileReference; lastKnownFileType = wrapper.xcdatamodel; path = AppConnectData.xcdatamodel; sourceTree = "<group>"; };
		A51E1041272ED69300FFC951 /* AssociadoService.swift */ = {isa = PBXFileReference; lastKnownFileType = sourcecode.swift; path = AssociadoService.swift; sourceTree = "<group>"; };
		A51E1043272ED6B000FFC951 /* OficinaService.swift */ = {isa = PBXFileReference; lastKnownFileType = sourcecode.swift; path = OficinaService.swift; sourceTree = "<group>"; };
		A51E1045272ED6D500FFC951 /* IndicacaoService.swift */ = {isa = PBXFileReference; lastKnownFileType = sourcecode.swift; path = IndicacaoService.swift; sourceTree = "<group>"; };
		A51E1047272ED6F500FFC951 /* MainView.swift */ = {isa = PBXFileReference; lastKnownFileType = sourcecode.swift; path = MainView.swift; sourceTree = "<group>"; };
		A51E104A272ED8BA00FFC951 /* UsuarioStateObject.swift */ = {isa = PBXFileReference; lastKnownFileType = sourcecode.swift; path = UsuarioStateObject.swift; sourceTree = "<group>"; };
		A51E104C272ED9D300FFC951 /* AlertaStateObject.swift */ = {isa = PBXFileReference; lastKnownFileType = sourcecode.swift; path = AlertaStateObject.swift; sourceTree = "<group>"; };
		A5B85F152731CEDF00404873 /* MapaView.swift */ = {isa = PBXFileReference; lastKnownFileType = sourcecode.swift; path = MapaView.swift; sourceTree = "<group>"; };
		A5B85F172731F61E00404873 /* Info.plist */ = {isa = PBXFileReference; lastKnownFileType = text.plist; path = Info.plist; sourceTree = "<group>"; };
		A5B85F182731F64B00404873 /* Launch Screen.storyboard */ = {isa = PBXFileReference; lastKnownFileType = file.storyboard; path = "Launch Screen.storyboard"; sourceTree = "<group>"; };
		A5C59119272EDC2200FEB602 /* OficinasViewModel.swift */ = {isa = PBXFileReference; lastKnownFileType = sourcecode.swift; path = OficinasViewModel.swift; sourceTree = "<group>"; };
		A5C5911B272EDE9300FEB602 /* MainViewModel.swift */ = {isa = PBXFileReference; lastKnownFileType = sourcecode.swift; path = MainViewModel.swift; sourceTree = "<group>"; };
		A5C59120272EE9B800FEB602 /* Constantes.swift */ = {isa = PBXFileReference; lastKnownFileType = sourcecode.swift; path = Constantes.swift; sourceTree = "<group>"; };
		A5C59124272EF9F600FEB602 /* RetornoApiAssociadoModel.swift */ = {isa = PBXFileReference; lastKnownFileType = sourcecode.swift; path = RetornoApiAssociadoModel.swift; sourceTree = "<group>"; };
		A5C59126272EFA1400FEB602 /* RetornoIndicacaoModel.swift */ = {isa = PBXFileReference; lastKnownFileType = sourcecode.swift; path = RetornoIndicacaoModel.swift; sourceTree = "<group>"; };
		A5C59129272F023B00FEB602 /* CoreDataService.swift */ = {isa = PBXFileReference; lastKnownFileType = sourcecode.swift; path = CoreDataService.swift; sourceTree = "<group>"; };
		A5C5912C272F17DB00FEB602 /* UIApplicationExtension.swift */ = {isa = PBXFileReference; lastKnownFileType = sourcecode.swift; path = UIApplicationExtension.swift; sourceTree = "<group>"; };
		A5C5912E272F248200FEB602 /* ImageExtension.swift */ = {isa = PBXFileReference; lastKnownFileType = sourcecode.swift; path = ImageExtension.swift; sourceTree = "<group>"; };
		A5C59133272F314100FEB602 /* InputLabelView.swift */ = {isa = PBXFileReference; lastKnownFileType = sourcecode.swift; path = InputLabelView.swift; sourceTree = "<group>"; };
		A5C59136272F3B0B00FEB602 /* GetData.swift */ = {isa = PBXFileReference; lastKnownFileType = sourcecode.swift; path = GetData.swift; sourceTree = "<group>"; };
		A5C59138272F499C00FEB602 /* OficinaDetalheView.swift */ = {isa = PBXFileReference; lastKnownFileType = sourcecode.swift; path = OficinaDetalheView.swift; sourceTree = "<group>"; };
		A5CF5C012731B3AA006673A5 /* ViewExtension.swift */ = {isa = PBXFileReference; lastKnownFileType = sourcecode.swift; path = ViewExtension.swift; sourceTree = "<group>"; };
		A5CF5C032731B481006673A5 /* OficinaItemView.swift */ = {isa = PBXFileReference; lastKnownFileType = sourcecode.swift; path = OficinaItemView.swift; sourceTree = "<group>"; };
		A5CF5C052731BEB1006673A5 /* OficinasView.swift */ = {isa = PBXFileReference; lastKnownFileType = sourcecode.swift; path = OficinasView.swift; sourceTree = "<group>"; };
		D15E651B6B4E7707D071E101 /* Pods-AppConnect.release.xcconfig */ = {isa = PBXFileReference; includeInIndex = 1; lastKnownFileType = text.xcconfig; name = "Pods-AppConnect.release.xcconfig"; path = "Target Support Files/Pods-AppConnect/Pods-AppConnect.release.xcconfig"; sourceTree = "<group>"; };
		F6A5B9EDAF6F460C61A9117C /* Pods_AppConnect.framework */ = {isa = PBXFileReference; explicitFileType = wrapper.framework; includeInIndex = 0; path = Pods_AppConnect.framework; sourceTree = BUILT_PRODUCTS_DIR; };
/* End PBXFileReference section */

/* Begin PBXFrameworksBuildPhase section */
		A51E100A272ECE5E00FFC951 /* Frameworks */ = {
			isa = PBXFrameworksBuildPhase;
			buildActionMask = 2147483647;
			files = (
				72DC68F20DDD6AB2667F9C73 /* Pods_AppConnect.framework in Frameworks */,
			);
			runOnlyForDeploymentPostprocessing = 0;
		};
/* End PBXFrameworksBuildPhase section */

/* Begin PBXGroup section */
		1CDBB6E83B2AE7A7638A4FD1 /* Frameworks */ = {
			isa = PBXGroup;
			children = (
				F6A5B9EDAF6F460C61A9117C /* Pods_AppConnect.framework */,
			);
			name = Frameworks;
			sourceTree = "<group>";
		};
		A50D1C3C27318AB3003E480E /* Botoes */ = {
			isa = PBXGroup;
			children = (
				A50D1C3E27318B4E003E480E /* BotaoPadrao.swift */,
			);
			path = Botoes;
			sourceTree = "<group>";
		};
		A50D1C3D27318B41003E480E /* TextFields */ = {
			isa = PBXGroup;
			children = (
				A50D1C4027318CAA003E480E /* TextFieldPadrao.swift */,
				A50D1C4227318E90003E480E /* TextFieldSeguro.swift */,
			);
			path = TextFields;
			sourceTree = "<group>";
		};
		A50D1C4A27319D29003E480E /* Enums */ = {
			isa = PBXGroup;
			children = (
				A50D1C4B27319D41003E480E /* MascaraTextFieldEnum.swift */,
			);
			path = Enums;
			sourceTree = "<group>";
		};
		A51E1004272ECE5E00FFC951 = {
			isa = PBXGroup;
			children = (
				A51E100F272ECE5E00FFC951 /* AppConnect */,
				A51E100E272ECE5E00FFC951 /* Products */,
				F1F577F3B0E17FEADC308399 /* Pods */,
				1CDBB6E83B2AE7A7638A4FD1 /* Frameworks */,
			);
			sourceTree = "<group>";
		};
		A51E100E272ECE5E00FFC951 /* Products */ = {
			isa = PBXGroup;
			children = (
				A51E100D272ECE5E00FFC951 /* AppConnect.app */,
			);
			name = Products;
			sourceTree = "<group>";
		};
		A51E100F272ECE5E00FFC951 /* AppConnect */ = {
			isa = PBXGroup;
			children = (
				A5B85F172731F61E00404873 /* Info.plist */,
				A51E101F272ECFE900FFC951 /* Views */,
				A51E1020272ECFEE00FFC951 /* ViewModels */,
				A51E101E272ECFE500FFC951 /* Models */,
				A51E103D272ED15300FFC951 /* CoreData */,
				A51E1022272ECFFF00FFC951 /* Services */,
				A51E1021272ECFF800FFC951 /* Helpers */,
				A51E1010272ECE5E00FFC951 /* AppConnectApp.swift */,
				A5C59120272EE9B800FEB602 /* Constantes.swift */,
				A51E1014272ECE6000FFC951 /* Assets.xcassets */,
				A51E1016272ECE6000FFC951 /* Preview Content */,
				A5B85F182731F64B00404873 /* Launch Screen.storyboard */,
			);
			path = AppConnect;
			sourceTree = "<group>";
		};
		A51E1016272ECE6000FFC951 /* Preview Content */ = {
			isa = PBXGroup;
			children = (
				A51E1017272ECE6000FFC951 /* Preview Assets.xcassets */,
			);
			path = "Preview Content";
			sourceTree = "<group>";
		};
		A51E101E272ECFE500FFC951 /* Models */ = {
			isa = PBXGroup;
			children = (
				A51E1037272ED09C00FFC951 /* AssociadoModel.swift */,
				A51E1039272ED0B300FFC951 /* OficinaModel.swift */,
				A51E103B272ED0C100FFC951 /* IndicacaoModel.swift */,
				A5C59124272EF9F600FEB602 /* RetornoApiAssociadoModel.swift */,
				A5C59126272EFA1400FEB602 /* RetornoIndicacaoModel.swift */,
			);
			path = Models;
			sourceTree = "<group>";
		};
		A51E101F272ECFE900FFC951 /* Views */ = {
			isa = PBXGroup;
			children = (
				A5C59130272F27E600FEB602 /* Components */,
				A51E1027272ED01D00FFC951 /* Home */,
				A51E1026272ED01900FFC951 /* Login */,
				A51E1047272ED6F500FFC951 /* MainView.swift */,
			);
			path = Views;
			sourceTree = "<group>";
		};
		A51E1020272ECFEE00FFC951 /* ViewModels */ = {
			isa = PBXGroup;
			children = (
				A51E1029272ED04000FFC951 /* Home */,
				A51E102A272ED04400FFC951 /* Login */,
				A5C5911B272EDE9300FEB602 /* MainViewModel.swift */,
			);
			path = ViewModels;
			sourceTree = "<group>";
		};
		A51E1021272ECFF800FFC951 /* Helpers */ = {
			isa = PBXGroup;
			children = (
				A50D1C4A27319D29003E480E /* Enums */,
				A5C59135272F3B0100FEB602 /* Libs */,
				A5C5912B272F17CB00FEB602 /* Extensions */,
				A51E1049272ED8A000FFC951 /* StateObjects */,
			);
			path = Helpers;
			sourceTree = "<group>";
		};
		A51E1022272ECFFF00FFC951 /* Services */ = {
			isa = PBXGroup;
			children = (
				A5C59128272F022D00FEB602 /* CoreData */,
				A51E1023272ED00500FFC951 /* API */,
			);
			path = Services;
			sourceTree = "<group>";
		};
		A51E1023272ED00500FFC951 /* API */ = {
			isa = PBXGroup;
			children = (
				A51E1025272ED00F00FFC951 /* SGA */,
				A51E1024272ED00A00FFC951 /* AppConnect */,
			);
			path = API;
			sourceTree = "<group>";
		};
		A51E1024272ED00A00FFC951 /* AppConnect */ = {
			isa = PBXGroup;
			children = (
				A51E1043272ED6B000FFC951 /* OficinaService.swift */,
				A51E1045272ED6D500FFC951 /* IndicacaoService.swift */,
			);
			path = AppConnect;
			sourceTree = "<group>";
		};
		A51E1025272ED00F00FFC951 /* SGA */ = {
			isa = PBXGroup;
			children = (
				A51E1041272ED69300FFC951 /* AssociadoService.swift */,
			);
			path = SGA;
			sourceTree = "<group>";
		};
		A51E1026272ED01900FFC951 /* Login */ = {
			isa = PBXGroup;
			children = (
				A50D1C4427318EF6003E480E /* LoginView.swift */,
			);
			path = Login;
			sourceTree = "<group>";
		};
		A51E1027272ED01D00FFC951 /* Home */ = {
			isa = PBXGroup;
			children = (
				A51E102D272ED05D00FFC951 /* HomeView.swift */,
				A51E102F272ED06700FFC951 /* IndicacaoView.swift */,
				A5C59138272F499C00FEB602 /* OficinaDetalheView.swift */,
				A5CF5C052731BEB1006673A5 /* OficinasView.swift */,
			);
			path = Home;
			sourceTree = "<group>";
		};
		A51E1029272ED04000FFC951 /* Home */ = {
			isa = PBXGroup;
			children = (
				A51E1031272ED08100FFC951 /* HomeViewModel.swift */,
				A51E1033272ED08800FFC951 /* IndicacaoViewModel.swift */,
				A5C59119272EDC2200FEB602 /* OficinasViewModel.swift */,
			);
			path = Home;
			sourceTree = "<group>";
		};
		A51E102A272ED04400FFC951 /* Login */ = {
			isa = PBXGroup;
			children = (
				A51E1035272ED09000FFC951 /* LoginViewModel.swift */,
			);
			path = Login;
			sourceTree = "<group>";
		};
		A51E103D272ED15300FFC951 /* CoreData */ = {
			isa = PBXGroup;
			children = (
				A51E103E272ED16300FFC951 /* AppConnectData.xcdatamodeld */,
			);
			path = CoreData;
			sourceTree = "<group>";
		};
		A51E1049272ED8A000FFC951 /* StateObjects */ = {
			isa = PBXGroup;
			children = (
				A51E104A272ED8BA00FFC951 /* UsuarioStateObject.swift */,
				A51E104C272ED9D300FFC951 /* AlertaStateObject.swift */,
			);
			path = StateObjects;
			sourceTree = "<group>";
		};
		A5C59128272F022D00FEB602 /* CoreData */ = {
			isa = PBXGroup;
			children = (
				A5C59129272F023B00FEB602 /* CoreDataService.swift */,
			);
			path = CoreData;
			sourceTree = "<group>";
		};
		A5C5912B272F17CB00FEB602 /* Extensions */ = {
			isa = PBXGroup;
			children = (
				A5C5912C272F17DB00FEB602 /* UIApplicationExtension.swift */,
				A5C5912E272F248200FEB602 /* ImageExtension.swift */,
				A50D1C462731968F003E480E /* RoundCornerExtension.swift */,
				A50D1C48273198B4003E480E /* ColorExtension.swift */,
				A50D1C532731A7CE003E480E /* UIKeyboardTypeExtension.swift */,
				A5CF5C012731B3AA006673A5 /* ViewExtension.swift */,
			);
			path = Extensions;
			sourceTree = "<group>";
		};
		A5C59130272F27E600FEB602 /* Components */ = {
			isa = PBXGroup;
			children = (
				A50D1C3D27318B41003E480E /* TextFields */,
				A50D1C3C27318AB3003E480E /* Botoes */,
				A5C59133272F314100FEB602 /* InputLabelView.swift */,
				A5CF5C032731B481006673A5 /* OficinaItemView.swift */,
				A5B85F152731CEDF00404873 /* MapaView.swift */,
			);
			path = Components;
			sourceTree = "<group>";
		};
		A5C59135272F3B0100FEB602 /* Libs */ = {
			isa = PBXGroup;
			children = (
				A5C59136272F3B0B00FEB602 /* GetData.swift */,
				A50D1C4F2731A22D003E480E /* TextContentToKeyboardType.swift */,
			);
			path = Libs;
			sourceTree = "<group>";
		};
		F1F577F3B0E17FEADC308399 /* Pods */ = {
			isa = PBXGroup;
			children = (
				39E88926D699B3E5A60F8A47 /* Pods-AppConnect.debug.xcconfig */,
				D15E651B6B4E7707D071E101 /* Pods-AppConnect.release.xcconfig */,
			);
			path = Pods;
			sourceTree = "<group>";
		};
/* End PBXGroup section */

/* Begin PBXNativeTarget section */
		A51E100C272ECE5E00FFC951 /* AppConnect */ = {
			isa = PBXNativeTarget;
			buildConfigurationList = A51E101B272ECE6000FFC951 /* Build configuration list for PBXNativeTarget "AppConnect" */;
			buildPhases = (
				4DD2744206EA6215A0B2E71D /* [CP] Check Pods Manifest.lock */,
				A51E1009272ECE5E00FFC951 /* Sources */,
				A51E100A272ECE5E00FFC951 /* Frameworks */,
				A51E100B272ECE5E00FFC951 /* Resources */,
				947ABFB6A1D230F6CB0D3EA0 /* [CP] Embed Pods Frameworks */,
			);
			buildRules = (
			);
			dependencies = (
			);
			name = AppConnect;
			packageProductDependencies = (
			);
			productName = AppConnect;
			productReference = A51E100D272ECE5E00FFC951 /* AppConnect.app */;
			productType = "com.apple.product-type.application";
		};
/* End PBXNativeTarget section */

/* Begin PBXProject section */
		A51E1005272ECE5E00FFC951 /* Project object */ = {
			isa = PBXProject;
			attributes = {
				BuildIndependentTargetsInParallel = 1;
				LastSwiftUpdateCheck = 1310;
				LastUpgradeCheck = 1310;
				TargetAttributes = {
					A51E100C272ECE5E00FFC951 = {
						CreatedOnToolsVersion = 13.1;
					};
				};
			};
			buildConfigurationList = A51E1008272ECE5E00FFC951 /* Build configuration list for PBXProject "AppConnect" */;
			compatibilityVersion = "Xcode 13.0";
			developmentRegion = en;
			hasScannedForEncodings = 0;
			knownRegions = (
				en,
				Base,
				"pt-BR",
			);
			mainGroup = A51E1004272ECE5E00FFC951;
			packageReferences = (
			);
			productRefGroup = A51E100E272ECE5E00FFC951 /* Products */;
			projectDirPath = "";
			projectRoot = "";
			targets = (
				A51E100C272ECE5E00FFC951 /* AppConnect */,
			);
		};
/* End PBXProject section */

/* Begin PBXResourcesBuildPhase section */
		A51E100B272ECE5E00FFC951 /* Resources */ = {
			isa = PBXResourcesBuildPhase;
			buildActionMask = 2147483647;
			files = (
				A5B85F192731F64B00404873 /* Launch Screen.storyboard in Resources */,
				A51E1018272ECE6000FFC951 /* Preview Assets.xcassets in Resources */,
				A51E1015272ECE6000FFC951 /* Assets.xcassets in Resources */,
			);
			runOnlyForDeploymentPostprocessing = 0;
		};
/* End PBXResourcesBuildPhase section */

/* Begin PBXShellScriptBuildPhase section */
		4DD2744206EA6215A0B2E71D /* [CP] Check Pods Manifest.lock */ = {
			isa = PBXShellScriptBuildPhase;
			buildActionMask = 2147483647;
			files = (
			);
			inputFileListPaths = (
			);
			inputPaths = (
				"${PODS_PODFILE_DIR_PATH}/Podfile.lock",
				"${PODS_ROOT}/Manifest.lock",
			);
			name = "[CP] Check Pods Manifest.lock";
			outputFileListPaths = (
			);
			outputPaths = (
				"$(DERIVED_FILE_DIR)/Pods-AppConnect-checkManifestLockResult.txt",
			);
			runOnlyForDeploymentPostprocessing = 0;
			shellPath = /bin/sh;
			shellScript = "diff \"${PODS_PODFILE_DIR_PATH}/Podfile.lock\" \"${PODS_ROOT}/Manifest.lock\" > /dev/null\nif [ $? != 0 ] ; then\n    # print error to STDERR\n    echo \"error: The sandbox is not in sync with the Podfile.lock. Run 'pod install' or update your CocoaPods installation.\" >&2\n    exit 1\nfi\n# This output is used by Xcode 'outputs' to avoid re-running this script phase.\necho \"SUCCESS\" > \"${SCRIPT_OUTPUT_FILE_0}\"\n";
			showEnvVarsInLog = 0;
		};
		947ABFB6A1D230F6CB0D3EA0 /* [CP] Embed Pods Frameworks */ = {
			isa = PBXShellScriptBuildPhase;
			buildActionMask = 2147483647;
			files = (
			);
			inputFileListPaths = (
				"${PODS_ROOT}/Target Support Files/Pods-AppConnect/Pods-AppConnect-frameworks-${CONFIGURATION}-input-files.xcfilelist",
			);
			name = "[CP] Embed Pods Frameworks";
			outputFileListPaths = (
				"${PODS_ROOT}/Target Support Files/Pods-AppConnect/Pods-AppConnect-frameworks-${CONFIGURATION}-output-files.xcfilelist",
			);
			runOnlyForDeploymentPostprocessing = 0;
			shellPath = /bin/sh;
			shellScript = "\"${PODS_ROOT}/Target Support Files/Pods-AppConnect/Pods-AppConnect-frameworks.sh\"\n";
			showEnvVarsInLog = 0;
		};
/* End PBXShellScriptBuildPhase section */

/* Begin PBXSourcesBuildPhase section */
		A51E1009272ECE5E00FFC951 /* Sources */ = {
			isa = PBXSourcesBuildPhase;
			buildActionMask = 2147483647;
			files = (
				A5B85F162731CEDF00404873 /* MapaView.swift in Sources */,
				A51E1034272ED08800FFC951 /* IndicacaoViewModel.swift in Sources */,
				A51E1038272ED09C00FFC951 /* AssociadoModel.swift in Sources */,
				A50D1C49273198B4003E480E /* ColorExtension.swift in Sources */,
				A51E104B272ED8BA00FFC951 /* UsuarioStateObject.swift in Sources */,
				A50D1C3F27318B4E003E480E /* BotaoPadrao.swift in Sources */,
				A5C5912A272F023B00FEB602 /* CoreDataService.swift in Sources */,
				A51E103A272ED0B300FFC951 /* OficinaModel.swift in Sources */,
				A5C59121272EE9B800FEB602 /* Constantes.swift in Sources */,
				A51E1032272ED08100FFC951 /* HomeViewModel.swift in Sources */,
				A5CF5C062731BEB1006673A5 /* OficinasView.swift in Sources */,
				A51E102E272ED05D00FFC951 /* HomeView.swift in Sources */,
				A51E1036272ED09000FFC951 /* LoginViewModel.swift in Sources */,
				A50D1C542731A7CE003E480E /* UIKeyboardTypeExtension.swift in Sources */,
				A5CF5C022731B3AA006673A5 /* ViewExtension.swift in Sources */,
				A51E104D272ED9D300FFC951 /* AlertaStateObject.swift in Sources */,
				A50D1C4C27319D41003E480E /* MascaraTextFieldEnum.swift in Sources */,
				A5C5912D272F17DB00FEB602 /* UIApplicationExtension.swift in Sources */,
				A50D1C4327318E90003E480E /* TextFieldSeguro.swift in Sources */,
				A51E1042272ED69300FFC951 /* AssociadoService.swift in Sources */,
				A5CF5C042731B481006673A5 /* OficinaItemView.swift in Sources */,
				A51E1048272ED6F500FFC951 /* MainView.swift in Sources */,
				A50D1C4127318CAA003E480E /* TextFieldPadrao.swift in Sources */,
				A5C5912F272F248200FEB602 /* ImageExtension.swift in Sources */,
				A51E1040272ED16300FFC951 /* AppConnectData.xcdatamodeld in Sources */,
				A50D1C502731A22D003E480E /* TextContentToKeyboardType.swift in Sources */,
				A5C59137272F3B0B00FEB602 /* GetData.swift in Sources */,
				A5C59127272EFA1400FEB602 /* RetornoIndicacaoModel.swift in Sources */,
				A5C59139272F499C00FEB602 /* OficinaDetalheView.swift in Sources */,
				A51E103C272ED0C100FFC951 /* IndicacaoModel.swift in Sources */,
				A51E1030272ED06700FFC951 /* IndicacaoView.swift in Sources */,
				A5C5911C272EDE9300FEB602 /* MainViewModel.swift in Sources */,
				A5C59134272F314100FEB602 /* InputLabelView.swift in Sources */,
				A51E1011272ECE5E00FFC951 /* AppConnectApp.swift in Sources */,
				A50D1C4527318EF6003E480E /* LoginView.swift in Sources */,
				A5C5911A272EDC2200FEB602 /* OficinasViewModel.swift in Sources */,
				A51E1044272ED6B000FFC951 /* OficinaService.swift in Sources */,
				A51E1046272ED6D500FFC951 /* IndicacaoService.swift in Sources */,
				A5C59125272EF9F600FEB602 /* RetornoApiAssociadoModel.swift in Sources */,
				A50D1C472731968F003E480E /* RoundCornerExtension.swift in Sources */,
			);
			runOnlyForDeploymentPostprocessing = 0;
		};
/* End PBXSourcesBuildPhase section */

/* Begin XCBuildConfiguration section */
		A51E1019272ECE6000FFC951 /* Debug */ = {
			isa = XCBuildConfiguration;
			buildSettings = {
				ALWAYS_SEARCH_USER_PATHS = NO;
				CLANG_ANALYZER_NONNULL = YES;
				CLANG_ANALYZER_NUMBER_OBJECT_CONVERSION = YES_AGGRESSIVE;
				CLANG_CXX_LANGUAGE_STANDARD = "gnu++17";
				CLANG_CXX_LIBRARY = "libc++";
				CLANG_ENABLE_MODULES = YES;
				CLANG_ENABLE_OBJC_ARC = YES;
				CLANG_ENABLE_OBJC_WEAK = YES;
				CLANG_WARN_BLOCK_CAPTURE_AUTORELEASING = YES;
				CLANG_WARN_BOOL_CONVERSION = YES;
				CLANG_WARN_COMMA = YES;
				CLANG_WARN_CONSTANT_CONVERSION = YES;
				CLANG_WARN_DEPRECATED_OBJC_IMPLEMENTATIONS = YES;
				CLANG_WARN_DIRECT_OBJC_ISA_USAGE = YES_ERROR;
				CLANG_WARN_DOCUMENTATION_COMMENTS = YES;
				CLANG_WARN_EMPTY_BODY = YES;
				CLANG_WARN_ENUM_CONVERSION = YES;
				CLANG_WARN_INFINITE_RECURSION = YES;
				CLANG_WARN_INT_CONVERSION = YES;
				CLANG_WARN_NON_LITERAL_NULL_CONVERSION = YES;
				CLANG_WARN_OBJC_IMPLICIT_RETAIN_SELF = YES;
				CLANG_WARN_OBJC_LITERAL_CONVERSION = YES;
				CLANG_WARN_OBJC_ROOT_CLASS = YES_ERROR;
				CLANG_WARN_QUOTED_INCLUDE_IN_FRAMEWORK_HEADER = YES;
				CLANG_WARN_RANGE_LOOP_ANALYSIS = YES;
				CLANG_WARN_STRICT_PROTOTYPES = YES;
				CLANG_WARN_SUSPICIOUS_MOVE = YES;
				CLANG_WARN_UNGUARDED_AVAILABILITY = YES_AGGRESSIVE;
				CLANG_WARN_UNREACHABLE_CODE = YES;
				CLANG_WARN__DUPLICATE_METHOD_MATCH = YES;
				COPY_PHASE_STRIP = NO;
				DEBUG_INFORMATION_FORMAT = dwarf;
				ENABLE_STRICT_OBJC_MSGSEND = YES;
				ENABLE_TESTABILITY = YES;
				GCC_C_LANGUAGE_STANDARD = gnu11;
				GCC_DYNAMIC_NO_PIC = NO;
				GCC_NO_COMMON_BLOCKS = YES;
				GCC_OPTIMIZATION_LEVEL = 0;
				GCC_PREPROCESSOR_DEFINITIONS = (
					"DEBUG=1",
					"$(inherited)",
				);
				GCC_WARN_64_TO_32_BIT_CONVERSION = YES;
				GCC_WARN_ABOUT_RETURN_TYPE = YES_ERROR;
				GCC_WARN_UNDECLARED_SELECTOR = YES;
				GCC_WARN_UNINITIALIZED_AUTOS = YES_AGGRESSIVE;
				GCC_WARN_UNUSED_FUNCTION = YES;
				GCC_WARN_UNUSED_VARIABLE = YES;
				IPHONEOS_DEPLOYMENT_TARGET = 15.0;
				MTL_ENABLE_DEBUG_INFO = INCLUDE_SOURCE;
				MTL_FAST_MATH = YES;
				ONLY_ACTIVE_ARCH = YES;
				SDKROOT = iphoneos;
				SWIFT_ACTIVE_COMPILATION_CONDITIONS = DEBUG;
				SWIFT_OPTIMIZATION_LEVEL = "-Onone";
			};
			name = Debug;
		};
		A51E101A272ECE6000FFC951 /* Release */ = {
			isa = XCBuildConfiguration;
			buildSettings = {
				ALWAYS_SEARCH_USER_PATHS = NO;
				CLANG_ANALYZER_NONNULL = YES;
				CLANG_ANALYZER_NUMBER_OBJECT_CONVERSION = YES_AGGRESSIVE;
				CLANG_CXX_LANGUAGE_STANDARD = "gnu++17";
				CLANG_CXX_LIBRARY = "libc++";
				CLANG_ENABLE_MODULES = YES;
				CLANG_ENABLE_OBJC_ARC = YES;
				CLANG_ENABLE_OBJC_WEAK = YES;
				CLANG_WARN_BLOCK_CAPTURE_AUTORELEASING = YES;
				CLANG_WARN_BOOL_CONVERSION = YES;
				CLANG_WARN_COMMA = YES;
				CLANG_WARN_CONSTANT_CONVERSION = YES;
				CLANG_WARN_DEPRECATED_OBJC_IMPLEMENTATIONS = YES;
				CLANG_WARN_DIRECT_OBJC_ISA_USAGE = YES_ERROR;
				CLANG_WARN_DOCUMENTATION_COMMENTS = YES;
				CLANG_WARN_EMPTY_BODY = YES;
				CLANG_WARN_ENUM_CONVERSION = YES;
				CLANG_WARN_INFINITE_RECURSION = YES;
				CLANG_WARN_INT_CONVERSION = YES;
				CLANG_WARN_NON_LITERAL_NULL_CONVERSION = YES;
				CLANG_WARN_OBJC_IMPLICIT_RETAIN_SELF = YES;
				CLANG_WARN_OBJC_LITERAL_CONVERSION = YES;
				CLANG_WARN_OBJC_ROOT_CLASS = YES_ERROR;
				CLANG_WARN_QUOTED_INCLUDE_IN_FRAMEWORK_HEADER = YES;
				CLANG_WARN_RANGE_LOOP_ANALYSIS = YES;
				CLANG_WARN_STRICT_PROTOTYPES = YES;
				CLANG_WARN_SUSPICIOUS_MOVE = YES;
				CLANG_WARN_UNGUARDED_AVAILABILITY = YES_AGGRESSIVE;
				CLANG_WARN_UNREACHABLE_CODE = YES;
				CLANG_WARN__DUPLICATE_METHOD_MATCH = YES;
				COPY_PHASE_STRIP = NO;
				DEBUG_INFORMATION_FORMAT = "dwarf-with-dsym";
				ENABLE_NS_ASSERTIONS = NO;
				ENABLE_STRICT_OBJC_MSGSEND = YES;
				GCC_C_LANGUAGE_STANDARD = gnu11;
				GCC_NO_COMMON_BLOCKS = YES;
				GCC_WARN_64_TO_32_BIT_CONVERSION = YES;
				GCC_WARN_ABOUT_RETURN_TYPE = YES_ERROR;
				GCC_WARN_UNDECLARED_SELECTOR = YES;
				GCC_WARN_UNINITIALIZED_AUTOS = YES_AGGRESSIVE;
				GCC_WARN_UNUSED_FUNCTION = YES;
				GCC_WARN_UNUSED_VARIABLE = YES;
				IPHONEOS_DEPLOYMENT_TARGET = 15.0;
				MTL_ENABLE_DEBUG_INFO = NO;
				MTL_FAST_MATH = YES;
				SDKROOT = iphoneos;
				SWIFT_COMPILATION_MODE = wholemodule;
				SWIFT_OPTIMIZATION_LEVEL = "-O";
				VALIDATE_PRODUCT = YES;
			};
			name = Release;
		};
		A51E101C272ECE6000FFC951 /* Debug */ = {
			isa = XCBuildConfiguration;
			baseConfigurationReference = 39E88926D699B3E5A60F8A47 /* Pods-AppConnect.debug.xcconfig */;
			buildSettings = {
				ASSETCATALOG_COMPILER_APPICON_NAME = AppIcon;
				ASSETCATALOG_COMPILER_GLOBAL_ACCENT_COLOR_NAME = AccentColor;
				ASSETCATALOG_COMPILER_INCLUDE_ALL_APPICON_ASSETS = NO;
				CODE_SIGN_STYLE = Automatic;
				CURRENT_PROJECT_VERSION = 1;
				DEVELOPMENT_ASSET_PATHS = "\"AppConnect/Preview Content\"";
				DEVELOPMENT_TEAM = TKWP3RAB75;
				ENABLE_PREVIEWS = YES;
				GENERATE_INFOPLIST_FILE = YES;
				INFOPLIST_FILE = AppConnect/Info.plist;
				INFOPLIST_KEY_UIApplicationSceneManifest_Generation = YES;
				INFOPLIST_KEY_UIApplicationSupportsIndirectInputEvents = YES;
				INFOPLIST_KEY_UILaunchScreen_Generation = YES;
				INFOPLIST_KEY_UILaunchStoryboardName = "Launch Screen";
				INFOPLIST_KEY_UISupportedInterfaceOrientations = UIInterfaceOrientationPortrait;
				INFOPLIST_KEY_UISupportedInterfaceOrientations_iPad = "UIInterfaceOrientationPortrait UIInterfaceOrientationPortraitUpsideDown UIInterfaceOrientationLandscapeLeft UIInterfaceOrientationLandscapeRight";
				INFOPLIST_KEY_UISupportedInterfaceOrientations_iPhone = "UIInterfaceOrientationPortrait UIInterfaceOrientationLandscapeLeft UIInterfaceOrientationLandscapeRight";
				IPHONEOS_DEPLOYMENT_TARGET = 14.0;
				LD_RUNPATH_SEARCH_PATHS = (
					"$(inherited)",
					"@executable_path/Frameworks",
				);
				MARKETING_VERSION = 1.0;
				PRODUCT_BUNDLE_IDENTIFIER = br.com.seeit.AppConnect;
				PRODUCT_NAME = "$(TARGET_NAME)";
				SWIFT_EMIT_LOC_STRINGS = YES;
				SWIFT_VERSION = 5.0;
				TARGETED_DEVICE_FAMILY = 1;
			};
			name = Debug;
		};
		A51E101D272ECE6000FFC951 /* Release */ = {
			isa = XCBuildConfiguration;
			baseConfigurationReference = D15E651B6B4E7707D071E101 /* Pods-AppConnect.release.xcconfig */;
			buildSettings = {
				ASSETCATALOG_COMPILER_APPICON_NAME = AppIcon;
				ASSETCATALOG_COMPILER_GLOBAL_ACCENT_COLOR_NAME = AccentColor;
				ASSETCATALOG_COMPILER_INCLUDE_ALL_APPICON_ASSETS = NO;
				CODE_SIGN_STYLE = Automatic;
				CURRENT_PROJECT_VERSION = 1;
				DEVELOPMENT_ASSET_PATHS = "\"AppConnect/Preview Content\"";
				DEVELOPMENT_TEAM = TKWP3RAB75;
				ENABLE_PREVIEWS = YES;
				GENERATE_INFOPLIST_FILE = YES;
				INFOPLIST_FILE = AppConnect/Info.plist;
				INFOPLIST_KEY_UIApplicationSceneManifest_Generation = YES;
				INFOPLIST_KEY_UIApplicationSupportsIndirectInputEvents = YES;
				INFOPLIST_KEY_UILaunchScreen_Generation = YES;
				INFOPLIST_KEY_UILaunchStoryboardName = "Launch Screen";
				INFOPLIST_KEY_UISupportedInterfaceOrientations = UIInterfaceOrientationPortrait;
				INFOPLIST_KEY_UISupportedInterfaceOrientations_iPad = "UIInterfaceOrientationPortrait UIInterfaceOrientationPortraitUpsideDown UIInterfaceOrientationLandscapeLeft UIInterfaceOrientationLandscapeRight";
				INFOPLIST_KEY_UISupportedInterfaceOrientations_iPhone = "UIInterfaceOrientationPortrait UIInterfaceOrientationLandscapeLeft UIInterfaceOrientationLandscapeRight";
				IPHONEOS_DEPLOYMENT_TARGET = 14.0;
				LD_RUNPATH_SEARCH_PATHS = (
					"$(inherited)",
					"@executable_path/Frameworks",
				);
				MARKETING_VERSION = 1.0;
				PRODUCT_BUNDLE_IDENTIFIER = br.com.seeit.AppConnect;
				PRODUCT_NAME = "$(TARGET_NAME)";
				SWIFT_EMIT_LOC_STRINGS = YES;
				SWIFT_VERSION = 5.0;
				TARGETED_DEVICE_FAMILY = 1;
			};
			name = Release;
		};
/* End XCBuildConfiguration section */

/* Begin XCConfigurationList section */
		A51E1008272ECE5E00FFC951 /* Build configuration list for PBXProject "AppConnect" */ = {
			isa = XCConfigurationList;
			buildConfigurations = (
				A51E1019272ECE6000FFC951 /* Debug */,
				A51E101A272ECE6000FFC951 /* Release */,
			);
			defaultConfigurationIsVisible = 0;
			defaultConfigurationName = Release;
		};
		A51E101B272ECE6000FFC951 /* Build configuration list for PBXNativeTarget "AppConnect" */ = {
			isa = XCConfigurationList;
			buildConfigurations = (
				A51E101C272ECE6000FFC951 /* Debug */,
				A51E101D272ECE6000FFC951 /* Release */,
			);
			defaultConfigurationIsVisible = 0;
			defaultConfigurationName = Release;
		};
/* End XCConfigurationList section */

/* Begin XCVersionGroup section */
		A51E103E272ED16300FFC951 /* AppConnectData.xcdatamodeld */ = {
			isa = XCVersionGroup;
			children = (
				A51E103F272ED16300FFC951 /* AppConnectData.xcdatamodel */,
			);
			currentVersion = A51E103F272ED16300FFC951 /* AppConnectData.xcdatamodel */;
			path = AppConnectData.xcdatamodeld;
			sourceTree = "<group>";
			versionGroupType = wrapper.xcdatamodel;
		};
/* End XCVersionGroup section */
	};
	rootObject = A51E1005272ECE5E00FFC951 /* Project object */;
}
